
Microsoft Visual Studio Solution File, Format Version 12.00
# Visual Studio Version 17
VisualStudioVersion = 17.3.32929.385
MinimumVisualStudioVersion = 10.0.40219.1
Project("{FAE04EC0-301F-11D3-BF4B-00C04F79EFBC}") = "ShopVersion4", "ShopVersion4\ShopVersion4.csproj", "{42F43F63-4750-4E01-8AD3-478F19B1F073}"
EndProject
Global
	GlobalSection(SolutionConfigurationPlatforms) = preSolution
		Debug|Any CPU = Debug|Any CPU
		Release|Any CPU = Release|Any CPU
	EndGlobalSection
	GlobalSection(ProjectConfigurationPlatforms) = postSolution
		{42F43F63-4750-4E01-8AD3-478F19B1F073}.Debug|Any CPU.ActiveCfg = Debug|Any CPU
		{42F43F63-4750-4E01-8AD3-478F19B1F073}.Debug|Any CPU.Build.0 = Debug|Any CPU
		{42F43F63-4750-4E01-8AD3-478F19B1F073}.Release|Any CPU.ActiveCfg = Release|Any CPU
		{42F43F63-4750-4E01-8AD3-478F19B1F073}.Release|Any CPU.Build.0 = Release|Any CPU
	EndGlobalSection
	GlobalSection(SolutionProperties) = preSolution
		HideSolutionNode = FALSE
	EndGlobalSection
	GlobalSection(ExtensibilityGlobals) = postSolution
		SolutionGuid = {326A8003-179D-415A-BCC3-59676B00401D}
	EndGlobalSection
EndGlobal
